github.com/JohannesKaufmann/dom v0.3.1 h1:J16l9JAHWgkFPR3VIPbQ1gvS0cWab6laK1q7PFL3qh0=
github.com/JohannesKaufmann/dom v0.3.1/go.mod h1:BZPkf8ZeYrBgABjwJn9iiKt8aiCtkxpHkevms+Yp2DE=
github.com/JohannesKaufmann/html-to-markdown/v2 v2.5.2 h1:XFJZFWESIWlUEHHjzBuv8RvrtCWnSGlimEX17ysSDb8=
github.com/JohannesKaufmann/html-to-markdown/v2 v2.5.2/go.mod h1:BHWO8lJzttJLqwuV8Rb1B3OG2OSzLbssZDI1FRg2eAA=
github.com/SebastiaanKlippert/go-wkhtmltopdf v1.9.3 h1:vrA6+R1BMLKMTbos8jAeuBrImHPGtY4gTlcue3OIej8=
github.com/SebastiaanKlippert/go-wkhtmltopdf v1.9.3/go.mod h1:SQq4xfIdvf6WYKSDxAJc+xOJdolt+/bc1jnQKMtPMvQ=
github.com/chromedp/cdproto v0.157.8 h1:Tkq0AjsUlC3Z4sJfHBzV/uAAxnTF/AZyuSTjfV/1gvk=
github.com/chromedp/cdproto v0.157.8/go.mod h1:h68JaIuFr9o3yiayxEYhBdvaxgYO3shDrPSYhNlyfu0=
github.com/chromedp/chromedp v0.20.1 h1:983T9wmyM09JtROWlxhLQwljKOQovqt8CVE89W3U0NA=
github.com/chromedp/chromedp v0.20.1/go.mod h1:6z1Y5FdKUxRzxx2qcC5h1xjaBJrSWrZp1mjgITfNZig=
github.com/davecgh/go-spew v1.1.1 h1:vj9j/u1bqnvCEfJOwUhtlOARqs3+rkHYY13jYWTU97c=
github.com/davecgh/go-spew v1.1.1/go.mod h1:J7Y8YcW2NihsgmVo/mv3lAwl/skON4iLHjSsI+c5H38=
github.com/go-json-experiment/json v0.0.0-20260213210345-44df1a37e875 h1:XGPtjxqp0FS8jj1Z7QGcSOSgyq1fUPjNyJXvi3KfI4A=
github.com/go-json-experiment/json v0.0.0-20260213210345-44df1a37e875/go.mod h1:uNVvRXArCGbZ508SxYYTC5v1JWoz2voff5pm25jU1Ok=
github.com/gomarkdown/markdown v0.0.0-20241205020045-f7e15b2f3e62 h1:pbAFUZisjG4s6sxvRJvf2N7vhpCvx2Oxb3PmS6pDO1g=
github.com/gomarkdown/markdown v0.0.0-20241205020045-f7e15b2f3e62/go.mod h1:JDGcbDT52eL4fju3sZ4TeHGsQwhG9nbDV21aMyhwPoA=
github.com/ledongthuc/pdf v0.0.0-20260907135840-6c8c28e0e8a0 h1:7Q+xNAZFmnfYOMweHN3c/PDFUKKfY1pVJ26K++QvVfU=
github.com/ledongthuc/pdf v0.0.0-20260907135840-6c8c28e0e8a0/go.mod h1:1fEHWurg7pvf5SG6XNE5Q8UZmOwex51Mkx3SLhrW5B4=
github.com/phpdave11/gofpdi v1.0.14-0.20211212211723-1f10f9844311 h1:zyWXQ6vu27ETMpYsEMAsisQ+GqJ4e1TPvSNfdOPF0no=
github.com/phpdave11/gofpdi v1.0.14-0.20211212211723-1f10f9844311/go.mod h1:vBmVV0Do6hSBHC8uKUQ71JGW+ZGQq74llk/7bXwjDoI=
github.com/pkg/errors v0.8.1 h1:iURUrRGxPUNPdy5/HRSm+Yj6okJ6UtLINN0Q9M4+h3I=
github.com/pkg/errors v0.8.1/go.mod h1:bwawxfHBFNV+L2hUp1rHADufV3IMtnDRdf1r5NINEl0=
github.com/pmezard/go-difflib v1.0.0 h1:4DBwDE0NGyQoBHbLQYPwSUPoCMWR5BEzIk/f1lZbAQM=
github.com/pmezard/go-difflib v1.0.0/go.mod h1:iKH77koFhYxTK1pcRnkKkqfTogsbg7gZNVY4sRDYZ/4=
github.com/signintech/gopdf v0.38.1 h1:mMdVMPKrvHCskYmjet/uTuXRAEV742oTM7GdFcuhuwM=
github.com/signintech/gopdf v0.38.1/go.mod h1:d23eO35GpEliSrF22eJ4bsM3wVeQJTjXTHq5x5qGKjA=
github.com/stretchr/testify v1.7.1 h1:5TQK59W5E3v0r2duFAb7P95B6hEeOyEnHRa8MjYSMTY=
github.com/stretchr/testify v1.7.1/go.mod h1:6Fq8oRcR53rry900zMqJjRRixrwX3KX962/h/Wwjteg=
golang.org/x/image v0.46.0 h1:b1+oYj0Jbp6K5MDT4i4/eZpYlk3V8SJhhDKh6LBHAyQ=
golang.org/x/image v0.46.0/go.mod h1:3B3W05VGVQyuXucLINLjXKrqISASfi4Xj+iCVkLMwew=
golang.org/x/net v0.55.0 h1:bcvxaJn3e1U6InsFWt1JUq1aSjnRxLzT2rtD2KfkDF8=
golang.org/x/net v0.55.0/go.mod h1:L5U2KuzuOe1lY7Z+aWVIKK6qEeJXnXV9yzGA+WCHJww=
gopkg.in/yaml.v3 v3.0.1 h1:fxVm/GzAzEWqLHuvctI91KS9hhNmmWOoWu0XTYJS7CA=
gopkg.in/yaml.v3 v3.0.1/go.mod h1:K4uyk7z7BCEPqu6E+C64Yfv1cQ7kz7rIZviUmN+EgEM=
